
Microsoft Visual Studio Solution File, Format Version 12.00
# Visual Studio Version 16
VisualStudioVersion = 16.0.31112.23
MinimumVisualStudioVersion = 10.0.40219.1
Project("{FAE04EC0-301F-11D3-BF4B-00C04F79EFBC}") = "Web", "Web.csproj", "{33E1550E-5848-4533-997D-AE6472EE8E4F}"
EndProject
Global
	GlobalSection(SolutionConfigurationPlatforms) = preSolution
		Debug|Any CPU = Debug|Any CPU
		Release|Any CPU = Release|Any CPU
	EndGlobalSection
	GlobalSection(ProjectConfigurationPlatforms) = postSolution
		{33E1550E-5848-4533-997D-AE6472EE8E4F}.Debug|Any CPU.ActiveCfg = Debug|Any CPU
		{33E1550E-5848-4533-997D-AE6472EE8E4F}.Debug|Any CPU.Build.0 = Debug|Any CPU
		{33E1550E-5848-4533-997D-AE6472EE8E4F}.Release|Any CPU.ActiveCfg = Release|Any CPU
		{33E1550E-5848-4533-997D-AE6472EE8E4F}.Release|Any CPU.Build.0 = Release|Any CPU
	EndGlobalSection
	GlobalSection(SolutionProperties) = preSolution
		HideSolutionNode = FALSE
	EndGlobalSection
	GlobalSection(ExtensibilityGlobals) = postSolution
		SolutionGuid = {6A943379-0A11-42E4-96C8-2D5AED35C707}
	EndGlobalSection
EndGlobal
